
Microsoft Visual Studio Solution File, Format Version 12.00
# Visual Studio Version 16
VisualStudioVersion = 16.0.30804.86
MinimumVisualStudioVersion = 10.0.40219.1
Project("{FAE04EC0-301F-11D3-BF4B-00C04F79EFBC}") = "IubObe.Web", "IubObe.Web\IubObe.Web.csproj", "{752E0FBC-4A3A-42B0-BE13-C0E9669252AA}"
EndProject
Global
	GlobalSection(SolutionConfigurationPlatforms) = preSolution
		Debug|Any CPU = Debug|Any CPU
		Release|Any CPU = Release|Any CPU
	EndGlobalSection
	GlobalSection(ProjectConfigurationPlatforms) = postSolution
		{752E0FBC-4A3A-42B0-BE13-C0E9669252AA}.Debug|Any CPU.ActiveCfg = Debug|Any CPU
		{752E0FBC-4A3A-42B0-BE13-C0E9669252AA}.Debug|Any CPU.Build.0 = Debug|Any CPU
		{752E0FBC-4A3A-42B0-BE13-C0E9669252AA}.Release|Any CPU.ActiveCfg = Release|Any CPU
		{752E0FBC-4A3A-42B0-BE13-C0E9669252AA}.Release|Any CPU.Build.0 = Release|Any CPU
	EndGlobalSection
	GlobalSection(SolutionProperties) = preSolution
		HideSolutionNode = FALSE
	EndGlobalSection
	GlobalSection(ExtensibilityGlobals) = postSolution
		SolutionGuid = {8AD0B8AA-7C37-49E3-B4C8-7EEEC0E95D78}
	EndGlobalSection
EndGlobal
